
Microsoft Visual Studio Solution File, Format Version 12.00
# Visual Studio Version 17
VisualStudioVersion = 17.5.33516.290
MinimumVisualStudioVersion = 10.0.40219.1
Project("{FAE04EC0-301F-11D3-BF4B-00C04F79EFBC}") = "PruebaAyudasTecnologicas", "PruebaAyudasTecnologicas\PruebaAyudasTecnologicas.csproj", "{C061B5D2-3DB3-44E1-BDD9-2C88DC104EA0}"
EndProject
Global
	GlobalSection(SolutionConfigurationPlatforms) = preSolution
		Debug|Any CPU = Debug|Any CPU
		Release|Any CPU = Release|Any CPU
	EndGlobalSection
	GlobalSection(ProjectConfigurationPlatforms) = postSolution
		{C061B5D2-3DB3-44E1-BDD9-2C88DC104EA0}.Debug|Any CPU.ActiveCfg = Debug|Any CPU
		{C061B5D2-3DB3-44E1-BDD9-2C88DC104EA0}.Debug|Any CPU.Build.0 = Debug|Any CPU
		{C061B5D2-3DB3-44E1-BDD9-2C88DC104EA0}.Release|Any CPU.ActiveCfg = Release|Any CPU
		{C061B5D2-3DB3-44E1-BDD9-2C88DC104EA0}.Release|Any CPU.Build.0 = Release|Any CPU
	EndGlobalSection
	GlobalSection(SolutionProperties) = preSolution
		HideSolutionNode = FALSE
	EndGlobalSection
	GlobalSection(ExtensibilityGlobals) = postSolution
		SolutionGuid = {83DEB387-2C51-4AE8-B60C-8FE33F24AD72}
	EndGlobalSection
EndGlobal
